// !$*UTF8*$!
{
	archiveVersion = 1;
	classes = {
	};
	objectVersion = 46;
	objects = {

/* Begin PBXBuildFile section */
		FA4A22CF1DA1A7DF0007B9DF /* AllServices.swift in Sources */ = {isa = PBXBuildFile; fileRef = FA4A22C91DA1A7DF0007B9DF /* AllServices.swift */; };
		FA4A22D01DA1A7DF0007B9DF /* CuisineService.swift in Sources */ = {isa = PBXBuildFile; fileRef = FA4A22CA1DA1A7DF0007B9DF /* CuisineService.swift */; };
		FA4A22D11DA1A7DF0007B9DF /* LocationService.swift in Sources */ = {isa = PBXBuildFile; fileRef = FA4A22CB1DA1A7DF0007B9DF /* LocationService.swift */; };
		FA4A22D21DA1A7DF0007B9DF /* RestaurantService.swift in Sources */ = {isa = PBXBuildFile; fileRef = FA4A22CC1DA1A7DF0007B9DF /* RestaurantService.swift */; };
		FA4A22D31DA1A7DF0007B9DF /* SearchService.swift in Sources */ = {isa = PBXBuildFile; fileRef = FA4A22CD1DA1A7DF0007B9DF /* SearchService.swift */; };
		FA4A22D41DA1A7DF0007B9DF /* SettingsService.swift in Sources */ = {isa = PBXBuildFile; fileRef = FA4A22CE1DA1A7DF0007B9DF /* SettingsService.swift */; };
		FA4A22D81DA1A8020007B9DF /* Cuisine.swift in Sources */ = {isa = PBXBuildFile; fileRef = FA4A22D51DA1A8020007B9DF /* Cuisine.swift */; };
		FA4A22D91DA1A8020007B9DF /* Hours.swift in Sources */ = {isa = PBXBuildFile; fileRef = FA4A22D61DA1A8020007B9DF /* Hours.swift */; };
		FA4A22DA1DA1A8020007B9DF /* Restaurant.swift in Sources */ = {isa = PBXBuildFile; fileRef = FA4A22D71DA1A8020007B9DF /* Restaurant.swift */; };
		FA4A22DC1DA343710007B9DF /* Utils.swift in Sources */ = {isa = PBXBuildFile; fileRef = FA4A22DB1DA343710007B9DF /* Utils.swift */; };
		FA4A22DE1DA347680007B9DF /* RestaurantTests.swift in Sources */ = {isa = PBXBuildFile; fileRef = FA4A22DD1DA347680007B9DF /* RestaurantTests.swift */; };
		FA4A22E01DA348780007B9DF /* SearchTests.swift in Sources */ = {isa = PBXBuildFile; fileRef = FA4A22DF1DA348780007B9DF /* SearchTests.swift */; };
		FA4A22E11DA5ED670007B9DF /* Realm.framework in Frameworks */ = {isa = PBXBuildFile; fileRef = FA5D527A1D9E0A8D007DF983 /* Realm.framework */; };
		FA4A22E21DA5ED670007B9DF /* RealmSwift.framework in Frameworks */ = {isa = PBXBuildFile; fileRef = FA5D527B1D9E0A8D007DF983 /* RealmSwift.framework */; };
		FA4A22F61DA5EFC90007B9DF /* GoogleMaps.framework in Frameworks */ = {isa = PBXBuildFile; fileRef = FA4A22F31DA5EFC90007B9DF /* GoogleMaps.framework */; };
		FA4A22F71DA5EFC90007B9DF /* GoogleMapsBase.framework in Frameworks */ = {isa = PBXBuildFile; fileRef = FA4A22F41DA5EFC90007B9DF /* GoogleMapsBase.framework */; };
		FA4A22F81DA5EFC90007B9DF /* GoogleMapsCore.framework in Frameworks */ = {isa = PBXBuildFile; fileRef = FA4A22F51DA5EFC90007B9DF /* GoogleMapsCore.framework */; };
		FA4A22FA1DA5F0380007B9DF /* GoogleMaps.bundle in Resources */ = {isa = PBXBuildFile; fileRef = FA4A22F91DA5F0380007B9DF /* GoogleMaps.bundle */; };
		FA4A22FC1DA5F06D0007B9DF /* UIImageView+Animation.swift in Sources */ = {isa = PBXBuildFile; fileRef = FA4A22FB1DA5F06D0007B9DF /* UIImageView+Animation.swift */; };
		FA4A23051DA5F1110007B9DF /* CircularImageButton.swift in Sources */ = {isa = PBXBuildFile; fileRef = FA4A22FD1DA5F1110007B9DF /* CircularImageButton.swift */; };
		FA4A23071DA5F1110007B9DF /* FoodieButton.swift in Sources */ = {isa = PBXBuildFile; fileRef = FA4A22FF1DA5F1110007B9DF /* FoodieButton.swift */; };
		FA4A23081DA5F1110007B9DF /* ModalCardSegue.swift in Sources */ = {isa = PBXBuildFile; fileRef = FA4A23001DA5F1110007B9DF /* ModalCardSegue.swift */; };
		FA4A23091DA5F1110007B9DF /* ModalCardView.swift in Sources */ = {isa = PBXBuildFile; fileRef = FA4A23011DA5F1110007B9DF /* ModalCardView.swift */; };
		FA4A230A1DA5F1110007B9DF /* ProcessingButton.swift in Sources */ = {isa = PBXBuildFile; fileRef = FA4A23021DA5F1110007B9DF /* ProcessingButton.swift */; };
		FA4A230B1DA5F1110007B9DF /* RoundedButton.swift in Sources */ = {isa = PBXBuildFile; fileRef = FA4A23031DA5F1110007B9DF /* RoundedButton.swift */; };
		FA4A230C1DA5F1110007B9DF /* RoundedView.swift in Sources */ = {isa = PBXBuildFile; fileRef = FA4A23041DA5F1110007B9DF /* RoundedView.swift */; };
		FA5D52611D9E094F007DF983 /* CuisineTests.swift in Sources */ = {isa = PBXBuildFile; fileRef = FA5D52601D9E094F007DF983 /* CuisineTests.swift */; };
		FA5D526C1D9E094F007DF983 /* FoodieUITests.swift in Sources */ = {isa = PBXBuildFile; fileRef = FA5D526B1D9E094F007DF983 /* FoodieUITests.swift */; };
		FA5D52811D9E0A8D007DF983 /* SVProgressHUD.framework in Frameworks */ = {isa = PBXBuildFile; fileRef = FA5D527C1D9E0A8D007DF983 /* SVProgressHUD.framework */; };
		FA5D52821D9E0A8D007DF983 /* SwiftyBeaver.framework in Frameworks */ = {isa = PBXBuildFile; fileRef = FA5D527D1D9E0A8D007DF983 /* SwiftyBeaver.framework */; };
		FA5D52831D9E0A8D007DF983 /* Swinject.framework in Frameworks */ = {isa = PBXBuildFile; fileRef = FA5D527E1D9E0A8D007DF983 /* Swinject.framework */; };
		FA5D52861D9E0B73007DF983 /* Realm.framework in Frameworks */ = {isa = PBXBuildFile; fileRef = FA5D527A1D9E0A8D007DF983 /* Realm.framework */; };
		FA5D52871D9E0B73007DF983 /* RealmSwift.framework in Frameworks */ = {isa = PBXBuildFile; fileRef = FA5D527B1D9E0A8D007DF983 /* RealmSwift.framework */; };
		FA5D52881D9E0B73007DF983 /* SVProgressHUD.framework in Frameworks */ = {isa = PBXBuildFile; fileRef = FA5D527C1D9E0A8D007DF983 /* SVProgressHUD.framework */; };
		FA5D52891D9E0B73007DF983 /* SwiftyBeaver.framework in Frameworks */ = {isa = PBXBuildFile; fileRef = FA5D527D1D9E0A8D007DF983 /* SwiftyBeaver.framework */; };
		FA5D528A1D9E0B73007DF983 /* Swinject.framework in Frameworks */ = {isa = PBXBuildFile; fileRef = FA5D527E1D9E0A8D007DF983 /* Swinject.framework */; };
		FA5D528B1D9E0B73007DF983 /* Realm.framework in Frameworks */ = {isa = PBXBuildFile; fileRef = FA5D527A1D9E0A8D007DF983 /* Realm.framework */; };
		FA5D528C1D9E0B73007DF983 /* RealmSwift.framework in Frameworks */ = {isa = PBXBuildFile; fileRef = FA5D527B1D9E0A8D007DF983 /* RealmSwift.framework */; };
		FA5D528D1D9E0B73007DF983 /* SVProgressHUD.framework in Frameworks */ = {isa = PBXBuildFile; fileRef = FA5D527C1D9E0A8D007DF983 /* SVProgressHUD.framework */; };
		FA5D528E1D9E0B73007DF983 /* SwiftyBeaver.framework in Frameworks */ = {isa = PBXBuildFile; fileRef = FA5D527D1D9E0A8D007DF983 /* SwiftyBeaver.framework */; };
		FA5D528F1D9E0B73007DF983 /* Swinject.framework in Frameworks */ = {isa = PBXBuildFile; fileRef = FA5D527E1D9E0A8D007DF983 /* Swinject.framework */; };
		FA5D529F1D9E0C0A007DF983 /* AppDelegate.swift in Sources */ = {isa = PBXBuildFile; fileRef = FA5D52941D9E0C0A007DF983 /* AppDelegate.swift */; };
		FA5D52A11D9E0C0A007DF983 /* Assets.xcassets in Resources */ = {isa = PBXBuildFile; fileRef = FA5D52981D9E0C0A007DF983 /* Assets.xcassets */; };
		FA5D52A21D9E0C0A007DF983 /* LaunchScreen.storyboard in Resources */ = {isa = PBXBuildFile; fileRef = FA5D52991D9E0C0A007DF983 /* LaunchScreen.storyboard */; };
		FA5D52A31D9E0C0A007DF983 /* Main.storyboard in Resources */ = {isa = PBXBuildFile; fileRef = FA5D529B1D9E0C0A007DF983 /* Main.storyboard */; };
		FA5D52A51D9E0D60007DF983 /* Constants.swift in Sources */ = {isa = PBXBuildFile; fileRef = FA5D52A41D9E0D60007DF983 /* Constants.swift */; };
		FA5D52A71D9E0F11007DF983 /* UIColor+Theme.swift in Sources */ = {isa = PBXBuildFile; fileRef = FA5D52A61D9E0F11007DF983 /* UIColor+Theme.swift */; };
		FA83A7301DA5F81500253DD7 /* libc++.tbd in Frameworks */ = {isa = PBXBuildFile; fileRef = FA83A72F1DA5F81500253DD7 /* libc++.tbd */; };
		FA83A7321DA5F81A00253DD7 /* libz.tbd in Frameworks */ = {isa = PBXBuildFile; fileRef = FA83A7311DA5F81A00253DD7 /* libz.tbd */; };
		FA83A7331DA5F85900253DD7 /* GoogleMaps.framework in Frameworks */ = {isa = PBXBuildFile; fileRef = FA4A22F31DA5EFC90007B9DF /* GoogleMaps.framework */; };
		FA83A7341DA5F85900253DD7 /* GoogleMapsBase.framework in Frameworks */ = {isa = PBXBuildFile; fileRef = FA4A22F41DA5EFC90007B9DF /* GoogleMapsBase.framework */; };
		FA83A7351DA5F85900253DD7 /* GoogleMapsCore.framework in Frameworks */ = {isa = PBXBuildFile; fileRef = FA4A22F51DA5EFC90007B9DF /* GoogleMapsCore.framework */; };
		FA83A7361DA5F85900253DD7 /* GoogleMaps.framework in Frameworks */ = {isa = PBXBuildFile; fileRef = FA4A22F31DA5EFC90007B9DF /* GoogleMaps.framework */; };
		FA83A7371DA5F85900253DD7 /* GoogleMapsBase.framework in Frameworks */ = {isa = PBXBuildFile; fileRef = FA4A22F41DA5EFC90007B9DF /* GoogleMapsBase.framework */; };
		FA83A7381DA5F85900253DD7 /* GoogleMapsCore.framework in Frameworks */ = {isa = PBXBuildFile; fileRef = FA4A22F51DA5EFC90007B9DF /* GoogleMapsCore.framework */; };
		FA83A7391DA5F85D00253DD7 /* GoogleMaps.bundle in Resources */ = {isa = PBXBuildFile; fileRef = FA4A22F91DA5F0380007B9DF /* GoogleMaps.bundle */; };
		FA83A73A1DA5F85D00253DD7 /* GoogleMaps.bundle in Resources */ = {isa = PBXBuildFile; fileRef = FA4A22F91DA5F0380007B9DF /* GoogleMaps.bundle */; };
		FA83A73B1DA5F86100253DD7 /* libz.tbd in Frameworks */ = {isa = PBXBuildFile; fileRef = FA83A7311DA5F81A00253DD7 /* libz.tbd */; };
		FA83A73C1DA5F86100253DD7 /* libz.tbd in Frameworks */ = {isa = PBXBuildFile; fileRef = FA83A7311DA5F81A00253DD7 /* libz.tbd */; };
		FA83A73D1DA5F86400253DD7 /* libc++.tbd in Frameworks */ = {isa = PBXBuildFile; fileRef = FA83A72F1DA5F81500253DD7 /* libc++.tbd */; };
		FA83A73E1DA5F86400253DD7 /* libc++.tbd in Frameworks */ = {isa = PBXBuildFile; fileRef = FA83A72F1DA5F81500253DD7 /* libc++.tbd */; };
		FA83A7401DA5F8CA00253DD7 /* Accelerate.framework in Frameworks */ = {isa = PBXBuildFile; fileRef = FA83A73F1DA5F8CA00253DD7 /* Accelerate.framework */; };
		FA83A7421DA5F8D100253DD7 /* CoreGraphics.framework in Frameworks */ = {isa = PBXBuildFile; fileRef = FA83A7411DA5F8D100253DD7 /* CoreGraphics.framework */; };
		FA83A7441DA5F8D700253DD7 /* CoreData.framework in Frameworks */ = {isa = PBXBuildFile; fileRef = FA83A7431DA5F8D700253DD7 /* CoreData.framework */; };
		FA83A7461DA5F8DE00253DD7 /* CoreLocation.framework in Frameworks */ = {isa = PBXBuildFile; fileRef = FA83A7451DA5F8DE00253DD7 /* CoreLocation.framework */; };
		FA83A7481DA5F8E700253DD7 /* CoreText.framework in Frameworks */ = {isa = PBXBuildFile; fileRef = FA83A7471DA5F8E700253DD7 /* CoreText.framework */; };
		FA83A74A1DA5F8EF00253DD7 /* GLKit.framework in Frameworks */ = {isa = PBXBuildFile; fileRef = FA83A7491DA5F8EF00253DD7 /* GLKit.framework */; };
		FA83A74C1DA5F8F400253DD7 /* ImageIO.framework in Frameworks */ = {isa = PBXBuildFile; fileRef = FA83A74B1DA5F8F400253DD7 /* ImageIO.framework */; };
		FA83A74E1DA5F90000253DD7 /* OpenGLES.framework in Frameworks */ = {isa = PBXBuildFile; fileRef = FA83A74D1DA5F90000253DD7 /* OpenGLES.framework */; };
		FA83A7501DA5F90700253DD7 /* QuartzCore.framework in Frameworks */ = {isa = PBXBuildFile; fileRef = FA83A74F1DA5F90700253DD7 /* QuartzCore.framework */; };
		FA83A7521DA5F90B00253DD7 /* SystemConfiguration.framework in Frameworks */ = {isa = PBXBuildFile; fileRef = FA83A7511DA5F90B00253DD7 /* SystemConfiguration.framework */; };
		FA83A7541DA5F91000253DD7 /* UIKit.framework in Frameworks */ = {isa = PBXBuildFile; fileRef = FA83A7531DA5F91000253DD7 /* UIKit.framework */; };
		FA83A75B1DA5FA9700253DD7 /* CuisineSettingTableViewCell.swift in Sources */ = {isa = PBXBuildFile; fileRef = FA83A7571DA5FA9700253DD7 /* CuisineSettingTableViewCell.swift */; };
		FA83A75C1DA5FA9700253DD7 /* FoodiePageView.swift in Sources */ = {isa = PBXBuildFile; fileRef = FA83A7581DA5FA9700253DD7 /* FoodiePageView.swift */; };
		FA83A75D1DA5FA9700253DD7 /* HoursView.swift in Sources */ = {isa = PBXBuildFile; fileRef = FA83A7591DA5FA9700253DD7 /* HoursView.swift */; };
		FA83A75E1DA5FA9700253DD7 /* RestaurantTableViewCell.swift in Sources */ = {isa = PBXBuildFile; fileRef = FA83A75A1DA5FA9700253DD7 /* RestaurantTableViewCell.swift */; };
		FA83A7671DA85A8C00253DD7 /* AllFoodiesController.swift in Sources */ = {isa = PBXBuildFile; fileRef = FA83A75F1DA85A8C00253DD7 /* AllFoodiesController.swift */; };
		FA83A7681DA85A8C00253DD7 /* FoodieController.swift in Sources */ = {isa = PBXBuildFile; fileRef = FA83A7601DA85A8C00253DD7 /* FoodieController.swift */; };
		FA83A7691DA85A8C00253DD7 /* InsertCuisineController.swift in Sources */ = {isa = PBXBuildFile; fileRef = FA83A7611DA85A8C00253DD7 /* InsertCuisineController.swift */; };
		FA83A76A1DA85A8C00253DD7 /* InsertFoodieController.swift in Sources */ = {isa = PBXBuildFile; fileRef = FA83A7621DA85A8C00253DD7 /* InsertFoodieController.swift */; };
		FA83A76B1DA85A8C00253DD7 /* InsertLocationController.swift in Sources */ = {isa = PBXBuildFile; fileRef = FA83A7631DA85A8C00253DD7 /* InsertLocationController.swift */; };
		FA83A76C1DA85A8C00253DD7 /* MainController.swift in Sources */ = {isa = PBXBuildFile; fileRef = FA83A7641DA85A8C00253DD7 /* MainController.swift */; };
		FA83A76D1DA85A8C00253DD7 /* ModalCardViewController.swift in Sources */ = {isa = PBXBuildFile; fileRef = FA83A7651DA85A8C00253DD7 /* ModalCardViewController.swift */; };
		FA83A76E1DA85A8C00253DD7 /* SettingsController.swift in Sources */ = {isa = PBXBuildFile; fileRef = FA83A7661DA85A8C00253DD7 /* SettingsController.swift */; };
		FA83A7701DA85C7600253DD7 /* KeyboardHandler.swift in Sources */ = {isa = PBXBuildFile; fileRef = FA83A76F1DA85C7600253DD7 /* KeyboardHandler.swift */; };
/* End PBXBuildFile section */

/* Begin PBXContainerItemProxy section */
		FA5D525D1D9E094F007DF983 /* PBXContainerItemProxy */ = {
			isa = PBXContainerItemProxy;
			containerPortal = FA5D52401D9E094E007DF983 /* Project object */;
			proxyType = 1;
			remoteGlobalIDString = FA5D52471D9E094E007DF983;
			remoteInfo = Foodie;
		};
		FA5D52681D9E094F007DF983 /* PBXContainerItemProxy */ = {
			isa = PBXContainerItemProxy;
			containerPortal = FA5D52401D9E094E007DF983 /* Project object */;
			proxyType = 1;
			remoteGlobalIDString = FA5D52471D9E094E007DF983;
			remoteInfo = Foodie;
		};
/* End PBXContainerItemProxy section */

/* Begin PBXFileReference section */
		FA4A22C91DA1A7DF0007B9DF /* AllServices.swift */ = {isa = PBXFileReference; fileEncoding = 4; lastKnownFileType = sourcecode.swift; path = AllServices.swift; sourceTree = "<group>"; };
		FA4A22CA1DA1A7DF0007B9DF /* CuisineService.swift */ = {isa = PBXFileReference; fileEncoding = 4; lastKnownFileType = sourcecode.swift; path = CuisineService.swift; sourceTree = "<group>"; };
		FA4A22CB1DA1A7DF0007B9DF /* LocationService.swift */ = {isa = PBXFileReference; fileEncoding = 4; lastKnownFileType = sourcecode.swift; path = LocationService.swift; sourceTree = "<group>"; };
		FA4A22CC1DA1A7DF0007B9DF /* RestaurantService.swift */ = {isa = PBXFileReference; fileEncoding = 4; lastKnownFileType = sourcecode.swift; path = RestaurantService.swift; sourceTree = "<group>"; };
		FA4A22CD1DA1A7DF0007B9DF /* SearchService.swift */ = {isa = PBXFileReference; fileEncoding = 4; lastKnownFileType = sourcecode.swift; path = SearchService.swift; sourceTree = "<group>"; };
		FA4A22CE1DA1A7DF0007B9DF /* SettingsService.swift */ = {isa = PBXFileReference; fileEncoding = 4; lastKnownFileType = sourcecode.swift; path = SettingsService.swift; sourceTree = "<group>"; };
		FA4A22D51DA1A8020007B9DF /* Cuisine.swift */ = {isa = PBXFileReference; fileEncoding = 4; lastKnownFileType = sourcecode.swift; path = Cuisine.swift; sourceTree = "<group>"; };
		FA4A22D61DA1A8020007B9DF /* Hours.swift */ = {isa = PBXFileReference; fileEncoding = 4; lastKnownFileType = sourcecode.swift; path = Hours.swift; sourceTree = "<group>"; };
		FA4A22D71DA1A8020007B9DF /* Restaurant.swift */ = {isa = PBXFileReference; fileEncoding = 4; lastKnownFileType = sourcecode.swift; path = Restaurant.swift; sourceTree = "<group>"; };
		FA4A22DB1DA343710007B9DF /* Utils.swift */ = {isa = PBXFileReference; fileEncoding = 4; lastKnownFileType = sourcecode.swift; path = Utils.swift; sourceTree = "<group>"; };
		FA4A22DD1DA347680007B9DF /* RestaurantTests.swift */ = {isa = PBXFileReference; fileEncoding = 4; lastKnownFileType = sourcecode.swift; path = RestaurantTests.swift; sourceTree = "<group>"; };
		FA4A22DF1DA348780007B9DF /* SearchTests.swift */ = {isa = PBXFileReference; fileEncoding = 4; lastKnownFileType = sourcecode.swift; path = SearchTests.swift; sourceTree = "<group>"; };
		FA4A22F31DA5EFC90007B9DF /* GoogleMaps.framework */ = {isa = PBXFileReference; lastKnownFileType = wrapper.framework; name = GoogleMaps.framework; path = GoogleFrameworks/GoogleMaps.framework; sourceTree = "<group>"; };
		FA4A22F41DA5EFC90007B9DF /* GoogleMapsBase.framework */ = {isa = PBXFileReference; lastKnownFileType = wrapper.framework; name = GoogleMapsBase.framework; path = GoogleFrameworks/GoogleMapsBase.framework; sourceTree = "<group>"; };
		FA4A22F51DA5EFC90007B9DF /* GoogleMapsCore.framework */ = {isa = PBXFileReference; lastKnownFileType = wrapper.framework; name = GoogleMapsCore.framework; path = GoogleFrameworks/GoogleMapsCore.framework; sourceTree = "<group>"; };
		FA4A22F91DA5F0380007B9DF /* GoogleMaps.bundle */ = {isa = PBXFileReference; lastKnownFileType = "wrapper.plug-in"; name = GoogleMaps.bundle; path = GoogleFrameworks/GoogleMaps.framework/Versions/A/Resources/GoogleMaps.bundle; sourceTree = "<group>"; };
		FA4A22FB1DA5F06D0007B9DF /* UIImageView+Animation.swift */ = {isa = PBXFileReference; fileEncoding = 4; lastKnownFileType = sourcecode.swift; path = "UIImageView+Animation.swift"; sourceTree = "<group>"; };
		FA4A22FD1DA5F1110007B9DF /* CircularImageButton.swift */ = {isa = PBXFileReference; fileEncoding = 4; lastKnownFileType = sourcecode.swift; path = CircularImageButton.swift; sourceTree = "<group>"; };
		FA4A22FF1DA5F1110007B9DF /* FoodieButton.swift */ = {isa = PBXFileReference; fileEncoding = 4; lastKnownFileType = sourcecode.swift; path = FoodieButton.swift; sourceTree = "<group>"; };
		FA4A23001DA5F1110007B9DF /* ModalCardSegue.swift */ = {isa = PBXFileReference; fileEncoding = 4; lastKnownFileType = sourcecode.swift; path = ModalCardSegue.swift; sourceTree = "<group>"; };
		FA4A23011DA5F1110007B9DF /* ModalCardView.swift */ = {isa = PBXFileReference; fileEncoding = 4; lastKnownFileType = sourcecode.swift; path = ModalCardView.swift; sourceTree = "<group>"; };
		FA4A23021DA5F1110007B9DF /* ProcessingButton.swift */ = {isa = PBXFileReference; fileEncoding = 4; lastKnownFileType = sourcecode.swift; path = ProcessingButton.swift; sourceTree = "<group>"; };
		FA4A23031DA5F1110007B9DF /* RoundedButton.swift */ = {isa = PBXFileReference; fileEncoding = 4; lastKnownFileType = sourcecode.swift; path = RoundedButton.swift; sourceTree = "<group>"; };
		FA4A23041DA5F1110007B9DF /* RoundedView.swift */ = {isa = PBXFileReference; fileEncoding = 4; lastKnownFileType = sourcecode.swift; path = RoundedView.swift; sourceTree = "<group>"; };
		FA5D52481D9E094E007DF983 /* Foodie.app */ = {isa = PBXFileReference; explicitFileType = wrapper.application; includeInIndex = 0; path = Foodie.app; sourceTree = BUILT_PRODUCTS_DIR; };
		FA5D525C1D9E094F007DF983 /* FoodieTests.xctest */ = {isa = PBXFileReference; explicitFileType = wrapper.cfbundle; includeInIndex = 0; path = FoodieTests.xctest; sourceTree = BUILT_PRODUCTS_DIR; };
		FA5D52601D9E094F007DF983 /* CuisineTests.swift */ = {isa = PBXFileReference; lastKnownFileType = sourcecode.swift; path = CuisineTests.swift; sourceTree = "<group>"; };
		FA5D52621D9E094F007DF983 /* Info.plist */ = {isa = PBXFileReference; lastKnownFileType = text.plist.xml; path = Info.plist; sourceTree = "<group>"; };
		FA5D52671D9E094F007DF983 /* FoodieUITests.xctest */ = {isa = PBXFileReference; explicitFileType = wrapper.cfbundle; includeInIndex = 0; path = FoodieUITests.xctest; sourceTree = BUILT_PRODUCTS_DIR; };
		FA5D526B1D9E094F007DF983 /* FoodieUITests.swift */ = {isa = PBXFileReference; lastKnownFileType = sourcecode.swift; path = FoodieUITests.swift; sourceTree = "<group>"; };
		FA5D526D1D9E094F007DF983 /* Info.plist */ = {isa = PBXFileReference; lastKnownFileType = text.plist.xml; path = Info.plist; sourceTree = "<group>"; };
		FA5D527A1D9E0A8D007DF983 /* Realm.framework */ = {isa = PBXFileReference; lastKnownFileType = wrapper.framework; name = Realm.framework; path = Carthage/Build/iOS/Realm.framework; sourceTree = "<group>"; };
		FA5D527B1D9E0A8D007DF983 /* RealmSwift.framework */ = {isa = PBXFileReference; lastKnownFileType = wrapper.framework; name = RealmSwift.framework; path = Carthage/Build/iOS/RealmSwift.framework; sourceTree = "<group>"; };
		FA5D527C1D9E0A8D007DF983 /* SVProgressHUD.framework */ = {isa = PBXFileReference; lastKnownFileType = wrapper.framework; name = SVProgressHUD.framework; path = Carthage/Build/iOS/SVProgressHUD.framework; sourceTree = "<group>"; };
		FA5D527D1D9E0A8D007DF983 /* SwiftyBeaver.framework */ = {isa = PBXFileReference; lastKnownFileType = wrapper.framework; name = SwiftyBeaver.framework; path = Carthage/Build/iOS/SwiftyBeaver.framework; sourceTree = "<group>"; };
		FA5D527E1D9E0A8D007DF983 /* Swinject.framework */ = {isa = PBXFileReference; lastKnownFileType = wrapper.framework; name = Swinject.framework; path = Carthage/Build/iOS/Swinject.framework; sourceTree = "<group>"; };
		FA5D52941D9E0C0A007DF983 /* AppDelegate.swift */ = {isa = PBXFileReference; fileEncoding = 4; lastKnownFileType = sourcecode.swift; path = AppDelegate.swift; sourceTree = "<group>"; };
		FA5D52951D9E0C0A007DF983 /* Info.plist */ = {isa = PBXFileReference; fileEncoding = 4; lastKnownFileType = text.plist.xml; path = Info.plist; sourceTree = "<group>"; };
		FA5D52981D9E0C0A007DF983 /* Assets.xcassets */ = {isa = PBXFileReference; lastKnownFileType = folder.assetcatalog; path = Assets.xcassets; sourceTree = "<group>"; };
		FA5D529A1D9E0C0A007DF983 /* Base */ = {isa = PBXFileReference; lastKnownFileType = file.storyboard; name = Base; path = Base.lproj/LaunchScreen.storyboard; sourceTree = "<group>"; };
		FA5D529C1D9E0C0A007DF983 /* Base */ = {isa = PBXFileReference; lastKnownFileType = file.storyboard; name = Base; path = Base.lproj/Main.storyboard; sourceTree = "<group>"; };
		FA5D52A41D9E0D60007DF983 /* Constants.swift */ = {isa = PBXFileReference; fileEncoding = 4; lastKnownFileType = sourcecode.swift; path = Constants.swift; sourceTree = "<group>"; };
		FA5D52A61D9E0F11007DF983 /* UIColor+Theme.swift */ = {isa = PBXFileReference; fileEncoding = 4; lastKnownFileType = sourcecode.swift; path = "UIColor+Theme.swift"; sourceTree = "<group>"; };
		FA83A72F1DA5F81500253DD7 /* libc++.tbd */ = {isa = PBXFileReference; lastKnownFileType = "sourcecode.text-based-dylib-definition"; name = "libc++.tbd"; path = "usr/lib/libc++.tbd"; sourceTree = SDKROOT; };
		FA83A7311DA5F81A00253DD7 /* libz.tbd */ = {isa = PBXFileReference; lastKnownFileType = "sourcecode.text-based-dylib-definition"; name = libz.tbd; path = usr/lib/libz.tbd; sourceTree = SDKROOT; };
		FA83A73F1DA5F8CA00253DD7 /* Accelerate.framework */ = {isa = PBXFileReference; lastKnownFileType = wrapper.framework; name = Accelerate.framework; path = System/Library/Frameworks/Accelerate.framework; sourceTree = SDKROOT; };
		FA83A7411DA5F8D100253DD7 /* CoreGraphics.framework */ = {isa = PBXFileReference; lastKnownFileType = wrapper.framework; name = CoreGraphics.framework; path = System/Library/Frameworks/CoreGraphics.framework; sourceTree = SDKROOT; };
		FA83A7431DA5F8D700253DD7 /* CoreData.framework */ = {isa = PBXFileReference; lastKnownFileType = wrapper.framework; name = CoreData.framework; path = System/Library/Frameworks/CoreData.framework; sourceTree = SDKROOT; };
		FA83A7451DA5F8DE00253DD7 /* CoreLocation.framework */ = {isa = PBXFileReference; lastKnownFileType = wrapper.framework; name = CoreLocation.framework; path = System/Library/Frameworks/CoreLocation.framework; sourceTree = SDKROOT; };
		FA83A7471DA5F8E700253DD7 /* CoreText.framework */ = {isa = PBXFileReference; lastKnownFileType = wrapper.framework; name = CoreText.framework; path = System/Library/Frameworks/CoreText.framework; sourceTree = SDKROOT; };
		FA83A7491DA5F8EF00253DD7 /* GLKit.framework */ = {isa = PBXFileReference; lastKnownFileType = wrapper.framework; name = GLKit.framework; path = System/Library/Frameworks/GLKit.framework; sourceTree = SDKROOT; };
		FA83A74B1DA5F8F400253DD7 /* ImageIO.framework */ = {isa = PBXFileReference; lastKnownFileType = wrapper.framework; name = ImageIO.framework; path = System/Library/Frameworks/ImageIO.framework; sourceTree = SDKROOT; };
		FA83A74D1DA5F90000253DD7 /* OpenGLES.framework */ = {isa = PBXFileReference; lastKnownFileType = wrapper.framework; name = OpenGLES.framework; path = System/Library/Frameworks/OpenGLES.framework; sourceTree = SDKROOT; };
		FA83A74F1DA5F90700253DD7 /* QuartzCore.framework */ = {isa = PBXFileReference; lastKnownFileType = wrapper.framework; name = QuartzCore.framework; path = System/Library/Frameworks/QuartzCore.framework; sourceTree = SDKROOT; };
		FA83A7511DA5F90B00253DD7 /* SystemConfiguration.framework */ = {isa = PBXFileReference; lastKnownFileType = wrapper.framework; name = SystemConfiguration.framework; path = System/Library/Frameworks/SystemConfiguration.framework; sourceTree = SDKROOT; };
		FA83A7531DA5F91000253DD7 /* UIKit.framework */ = {isa = PBXFileReference; lastKnownFileType = wrapper.framework; name = UIKit.framework; path = System/Library/Frameworks/UIKit.framework; sourceTree = SDKROOT; };
		FA83A7571DA5FA9700253DD7 /* CuisineSettingTableViewCell.swift */ = {isa = PBXFileReference; fileEncoding = 4; lastKnownFileType = sourcecode.swift; path = CuisineSettingTableViewCell.swift; sourceTree = "<group>"; };
		FA83A7581DA5FA9700253DD7 /* FoodiePageView.swift */ = {isa = PBXFileReference; fileEncoding = 4; lastKnownFileType = sourcecode.swift; path = FoodiePageView.swift; sourceTree = "<group>"; };
		FA83A7591DA5FA9700253DD7 /* HoursView.swift */ = {isa = PBXFileReference; fileEncoding = 4; lastKnownFileType = sourcecode.swift; path = HoursView.swift; sourceTree = "<group>"; };
		FA83A75A1DA5FA9700253DD7 /* RestaurantTableViewCell.swift */ = {isa = PBXFileReference; fileEncoding = 4; lastKnownFileType = sourcecode.swift; path = RestaurantTableViewCell.swift; sourceTree = "<group>"; };
		FA83A75F1DA85A8C00253DD7 /* AllFoodiesController.swift */ = {isa = PBXFileReference; fileEncoding = 4; lastKnownFileType = sourcecode.swift; path = AllFoodiesController.swift; sourceTree = "<group>"; };
		FA83A7601DA85A8C00253DD7 /* FoodieController.swift */ = {isa = PBXFileReference; fileEncoding = 4; lastKnownFileType = sourcecode.swift; path = FoodieController.swift; sourceTree = "<group>"; };
		FA83A7611DA85A8C00253DD7 /* InsertCuisineController.swift */ = {isa = PBXFileReference; fileEncoding = 4; lastKnownFileType = sourcecode.swift; path = InsertCuisineController.swift; sourceTree = "<group>"; };
		FA83A7621DA85A8C00253DD7 /* InsertFoodieController.swift */ = {isa = PBXFileReference; fileEncoding = 4; lastKnownFileType = sourcecode.swift; path = InsertFoodieController.swift; sourceTree = "<group>"; };
		FA83A7631DA85A8C00253DD7 /* InsertLocationController.swift */ = {isa = PBXFileReference; fileEncoding = 4; lastKnownFileType = sourcecode.swift; path = InsertLocationController.swift; sourceTree = "<group>"; };
		FA83A7641DA85A8C00253DD7 /* MainController.swift */ = {isa = PBXFileReference; fileEncoding = 4; lastKnownFileType = sourcecode.swift; path = MainController.swift; sourceTree = "<group>"; };
		FA83A7651DA85A8C00253DD7 /* ModalCardViewController.swift */ = {isa = PBXFileReference; fileEncoding = 4; lastKnownFileType = sourcecode.swift; path = ModalCardViewController.swift; sourceTree = "<group>"; };
		FA83A7661DA85A8C00253DD7 /* SettingsController.swift */ = {isa = PBXFileReference; fileEncoding = 4; lastKnownFileType = sourcecode.swift; path = SettingsController.swift; sourceTree = "<group>"; };
		FA83A76F1DA85C7600253DD7 /* KeyboardHandler.swift */ = {isa = PBXFileReference; fileEncoding = 4; lastKnownFileType = sourcecode.swift; path = KeyboardHandler.swift; sourceTree = "<group>"; };
/* End PBXFileReference section */

/* Begin PBXFrameworksBuildPhase section */
		FA5D52451D9E094E007DF983 /* Frameworks */ = {
			isa = PBXFrameworksBuildPhase;
			buildActionMask = 2147483647;
			files = (
				FA83A7301DA5F81500253DD7 /* libc++.tbd in Frameworks */,
				FA83A7321DA5F81A00253DD7 /* libz.tbd in Frameworks */,
				FA83A7401DA5F8CA00253DD7 /* Accelerate.framework in Frameworks */,
				FA83A7441DA5F8D700253DD7 /* CoreData.framework in Frameworks */,
				FA83A7421DA5F8D100253DD7 /* CoreGraphics.framework in Frameworks */,
				FA83A7461DA5F8DE00253DD7 /* CoreLocation.framework in Frameworks */,
				FA83A7481DA5F8E700253DD7 /* CoreText.framework in Frameworks */,
				FA83A74A1DA5F8EF00253DD7 /* GLKit.framework in Frameworks */,
				FA83A74C1DA5F8F400253DD7 /* ImageIO.framework in Frameworks */,
				FA83A74E1DA5F90000253DD7 /* OpenGLES.framework in Frameworks */,
				FA83A7501DA5F90700253DD7 /* QuartzCore.framework in Frameworks */,
				FA83A7521DA5F90B00253DD7 /* SystemConfiguration.framework in Frameworks */,
				FA83A7541DA5F91000253DD7 /* UIKit.framework in Frameworks */,
				FA4A22F61DA5EFC90007B9DF /* GoogleMaps.framework in Frameworks */,
				FA4A22F71DA5EFC90007B9DF /* GoogleMapsBase.framework in Frameworks */,
				FA4A22F81DA5EFC90007B9DF /* GoogleMapsCore.framework in Frameworks */,
				FA4A22E11DA5ED670007B9DF /* Realm.framework in Frameworks */,
				FA4A22E21DA5ED670007B9DF /* RealmSwift.framework in Frameworks */,
				FA5D52811D9E0A8D007DF983 /* SVProgressHUD.framework in Frameworks */,
				FA5D52821D9E0A8D007DF983 /* SwiftyBeaver.framework in Frameworks */,
				FA5D52831D9E0A8D007DF983 /* Swinject.framework in Frameworks */,
			);
			runOnlyForDeploymentPostprocessing = 0;
		};
		FA5D52591D9E094F007DF983 /* Frameworks */ = {
			isa = PBXFrameworksBuildPhase;
			buildActionMask = 2147483647;
			files = (
				FA83A7331DA5F85900253DD7 /* GoogleMaps.framework in Frameworks */,
				FA5D52881D9E0B73007DF983 /* SVProgressHUD.framework in Frameworks */,
				FA83A7341DA5F85900253DD7 /* GoogleMapsBase.framework in Frameworks */,
				FA83A7351DA5F85900253DD7 /* GoogleMapsCore.framework in Frameworks */,
				FA5D52891D9E0B73007DF983 /* SwiftyBeaver.framework in Frameworks */,
				FA5D52871D9E0B73007DF983 /* RealmSwift.framework in Frameworks */,
				FA83A73D1DA5F86400253DD7 /* libc++.tbd in Frameworks */,
				FA5D528A1D9E0B73007DF983 /* Swinject.framework in Frameworks */,
				FA83A73B1DA5F86100253DD7 /* libz.tbd in Frameworks */,
				FA5D52861D9E0B73007DF983 /* Realm.framework in Frameworks */,
			);
			runOnlyForDeploymentPostprocessing = 0;
		};
		FA5D52641D9E094F007DF983 /* Frameworks */ = {
			isa = PBXFrameworksBuildPhase;
			buildActionMask = 2147483647;
			files = (
				FA83A7361DA5F85900253DD7 /* GoogleMaps.framework in Frameworks */,
				FA5D528D1D9E0B73007DF983 /* SVProgressHUD.framework in Frameworks */,
				FA83A7371DA5F85900253DD7 /* GoogleMapsBase.framework in Frameworks */,
				FA83A7381DA5F85900253DD7 /* GoogleMapsCore.framework in Frameworks */,
				FA5D528E1D9E0B73007DF983 /* SwiftyBeaver.framework in Frameworks */,
				FA5D528C1D9E0B73007DF983 /* RealmSwift.framework in Frameworks */,
				FA83A73E1DA5F86400253DD7 /* libc++.tbd in Frameworks */,
				FA5D528F1D9E0B73007DF983 /* Swinject.framework in Frameworks */,
				FA83A73C1DA5F86100253DD7 /* libz.tbd in Frameworks */,
				FA5D528B1D9E0B73007DF983 /* Realm.framework in Frameworks */,
			);
			runOnlyForDeploymentPostprocessing = 0;
		};
/* End PBXFrameworksBuildPhase section */

/* Begin PBXGroup section */
		FA5D523F1D9E094E007DF983 = {
			isa = PBXGroup;
			children = (
				FA5D524A1D9E094E007DF983 /* Foodie */,
				FA5D525F1D9E094F007DF983 /* FoodieTests */,
				FA5D526A1D9E094F007DF983 /* FoodieUITests */,
				FA5D52791D9E0A8D007DF983 /* Frameworks */,
				FA5D52491D9E094E007DF983 /* Products */,
			);
			sourceTree = "<group>";
		};
		FA5D52491D9E094E007DF983 /* Products */ = {
			isa = PBXGroup;
			children = (
				FA5D52481D9E094E007DF983 /* Foodie.app */,
				FA5D525C1D9E094F007DF983 /* FoodieTests.xctest */,
				FA5D52671D9E094F007DF983 /* FoodieUITests.xctest */,
			);
			name = Products;
			sourceTree = "<group>";
		};
		FA5D524A1D9E094E007DF983 /* Foodie */ = {
			isa = PBXGroup;
			children = (
				FA5D52901D9E0C0A007DF983 /* Controllers */,
				FA5D52911D9E0C0A007DF983 /* Controls */,
				FA5D52921D9E0C0A007DF983 /* Extensions */,
				FA5D52931D9E0C0A007DF983 /* Misc */,
				FA5D52961D9E0C0A007DF983 /* Objects */,
				FA5D52971D9E0C0A007DF983 /* Resources */,
				FA5D529D1D9E0C0A007DF983 /* Services */,
				FA5D529E1D9E0C0A007DF983 /* Views */,
			);
			path = Foodie;
			sourceTree = "<group>";
		};
		FA5D525F1D9E094F007DF983 /* FoodieTests */ = {
			isa = PBXGroup;
			children = (
				FA5D52601D9E094F007DF983 /* CuisineTests.swift */,
				FA4A22DD1DA347680007B9DF /* RestaurantTests.swift */,
				FA4A22DF1DA348780007B9DF /* SearchTests.swift */,
				FA5D52621D9E094F007DF983 /* Info.plist */,
			);
			path = FoodieTests;
			sourceTree = "<group>";
		};
		FA5D526A1D9E094F007DF983 /* FoodieUITests */ = {
			isa = PBXGroup;
			children = (
				FA5D526B1D9E094F007DF983 /* FoodieUITests.swift */,
				FA5D526D1D9E094F007DF983 /* Info.plist */,
			);
			path = FoodieUITests;
			sourceTree = "<group>";
		};
		FA5D52791D9E0A8D007DF983 /* Frameworks */ = {
			isa = PBXGroup;
			children = (
				FA83A72F1DA5F81500253DD7 /* libc++.tbd */,
				FA83A7311DA5F81A00253DD7 /* libz.tbd */,
				FA4A22F91DA5F0380007B9DF /* GoogleMaps.bundle */,
				FA83A73F1DA5F8CA00253DD7 /* Accelerate.framework */,
				FA83A7431DA5F8D700253DD7 /* CoreData.framework */,
				FA83A7411DA5F8D100253DD7 /* CoreGraphics.framework */,
				FA83A7451DA5F8DE00253DD7 /* CoreLocation.framework */,
				FA83A7471DA5F8E700253DD7 /* CoreText.framework */,
				FA83A7491DA5F8EF00253DD7 /* GLKit.framework */,
				FA83A74B1DA5F8F400253DD7 /* ImageIO.framework */,
				FA83A74D1DA5F90000253DD7 /* OpenGLES.framework */,
				FA83A74F1DA5F90700253DD7 /* QuartzCore.framework */,
				FA83A7511DA5F90B00253DD7 /* SystemConfiguration.framework */,
				FA83A7531DA5F91000253DD7 /* UIKit.framework */,
				FA4A22F31DA5EFC90007B9DF /* GoogleMaps.framework */,
				FA4A22F41DA5EFC90007B9DF /* GoogleMapsBase.framework */,
				FA4A22F51DA5EFC90007B9DF /* GoogleMapsCore.framework */,
				FA5D527A1D9E0A8D007DF983 /* Realm.framework */,
				FA5D527B1D9E0A8D007DF983 /* RealmSwift.framework */,
				FA5D527C1D9E0A8D007DF983 /* SVProgressHUD.framework */,
				FA5D527D1D9E0A8D007DF983 /* SwiftyBeaver.framework */,
				FA5D527E1D9E0A8D007DF983 /* Swinject.framework */,
			);
			name = Frameworks;
			sourceTree = "<group>";
		};
		FA5D52901D9E0C0A007DF983 /* Controllers */ = {
			isa = PBXGroup;
			children = (
				FA83A75F1DA85A8C00253DD7 /* AllFoodiesController.swift */,
				FA83A7601DA85A8C00253DD7 /* FoodieController.swift */,
				FA83A7611DA85A8C00253DD7 /* InsertCuisineController.swift */,
				FA83A7621DA85A8C00253DD7 /* InsertFoodieController.swift */,
				FA83A7631DA85A8C00253DD7 /* InsertLocationController.swift */,
				FA83A7641DA85A8C00253DD7 /* MainController.swift */,
				FA83A7651DA85A8C00253DD7 /* ModalCardViewController.swift */,
				FA83A7661DA85A8C00253DD7 /* SettingsController.swift */,
			);
			path = Controllers;
			sourceTree = "<group>";
		};
		FA5D52911D9E0C0A007DF983 /* Controls */ = {
			isa = PBXGroup;
			children = (
				FA4A22FD1DA5F1110007B9DF /* CircularImageButton.swift */,
				FA4A22FF1DA5F1110007B9DF /* FoodieButton.swift */,
				FA4A23001DA5F1110007B9DF /* ModalCardSegue.swift */,
				FA4A23011DA5F1110007B9DF /* ModalCardView.swift */,
				FA4A23021DA5F1110007B9DF /* ProcessingButton.swift */,
				FA4A23031DA5F1110007B9DF /* RoundedButton.swift */,
				FA4A23041DA5F1110007B9DF /* RoundedView.swift */,
			);
			path = Controls;
			sourceTree = "<group>";
		};
		FA5D52921D9E0C0A007DF983 /* Extensions */ = {
			isa = PBXGroup;
			children = (
				FA5D52A61D9E0F11007DF983 /* UIColor+Theme.swift */,
				FA4A22FB1DA5F06D0007B9DF /* UIImageView+Animation.swift */,
			);
			path = Extensions;
			sourceTree = "<group>";
		};
		FA5D52931D9E0C0A007DF983 /* Misc */ = {
			isa = PBXGroup;
			children = (
				FA5D52951D9E0C0A007DF983 /* Info.plist */,
				FA5D52941D9E0C0A007DF983 /* AppDelegate.swift */,
				FA5D52A41D9E0D60007DF983 /* Constants.swift */,
				FA83A76F1DA85C7600253DD7 /* KeyboardHandler.swift */,
				FA4A22DB1DA343710007B9DF /* Utils.swift */,
			);
			path = Misc;
			sourceTree = "<group>";
		};
		FA5D52961D9E0C0A007DF983 /* Objects */ = {
			isa = PBXGroup;
			children = (
				FA4A22D51DA1A8020007B9DF /* Cuisine.swift */,
				FA4A22D61DA1A8020007B9DF /* Hours.swift */,
				FA4A22D71DA1A8020007B9DF /* Restaurant.swift */,
			);
			path = Objects;
			sourceTree = "<group>";
		};
		FA5D52971D9E0C0A007DF983 /* Resources */ = {
			isa = PBXGroup;
			children = (
				FA5D52981D9E0C0A007DF983 /* Assets.xcassets */,
				FA5D52991D9E0C0A007DF983 /* LaunchScreen.storyboard */,
				FA5D529B1D9E0C0A007DF983 /* Main.storyboard */,
			);
			path = Resources;
			sourceTree = "<group>";
		};
		FA5D529D1D9E0C0A007DF983 /* Services */ = {
			isa = PBXGroup;
			children = (
				FA4A22C91DA1A7DF0007B9DF /* AllServices.swift */,
				FA4A22CA1DA1A7DF0007B9DF /* CuisineService.swift */,
				FA4A22CB1DA1A7DF0007B9DF /* LocationService.swift */,
				FA4A22CC1DA1A7DF0007B9DF /* RestaurantService.swift */,
				FA4A22CD1DA1A7DF0007B9DF /* SearchService.swift */,
				FA4A22CE1DA1A7DF0007B9DF /* SettingsService.swift */,
			);
			path = Services;
			sourceTree = "<group>";
		};
		FA5D529E1D9E0C0A007DF983 /* Views */ = {
			isa = PBXGroup;
			children = (
				FA83A7571DA5FA9700253DD7 /* CuisineSettingTableViewCell.swift */,
				FA83A7581DA5FA9700253DD7 /* FoodiePageView.swift */,
				FA83A7591DA5FA9700253DD7 /* HoursView.swift */,
				FA83A75A1DA5FA9700253DD7 /* RestaurantTableViewCell.swift */,
			);
			path = Views;
			sourceTree = "<group>";
		};
/* End PBXGroup section */

/* Begin PBXNativeTarget section */
		FA5D52471D9E094E007DF983 /* Foodie */ = {
			isa = PBXNativeTarget;
			buildConfigurationList = FA5D52701D9E094F007DF983 /* Build configuration list for PBXNativeTarget "Foodie" */;
			buildPhases = (
				FA5D52441D9E094E007DF983 /* Sources */,
				FA5D52451D9E094E007DF983 /* Frameworks */,
				FA5D52461D9E094E007DF983 /* Resources */,
				FA5D52851D9E0AA7007DF983 /* Copy Carthage Frameworks */,
			);
			buildRules = (
			);
			dependencies = (
			);
			name = Foodie;
			productName = Foodie;
			productReference = FA5D52481D9E094E007DF983 /* Foodie.app */;
			productType = "com.apple.product-type.application";
		};
		FA5D525B1D9E094F007DF983 /* FoodieTests */ = {
			isa = PBXNativeTarget;
			buildConfigurationList = FA5D52731D9E094F007DF983 /* Build configuration list for PBXNativeTarget "FoodieTests" */;
			buildPhases = (
				FA5D52581D9E094F007DF983 /* Sources */,
				FA5D52591D9E094F007DF983 /* Frameworks */,
				FA5D525A1D9E094F007DF983 /* Resources */,
			);
			buildRules = (
			);
			dependencies = (
				FA5D525E1D9E094F007DF983 /* PBXTargetDependency */,
			);
			name = FoodieTests;
			productName = FoodieTests;
			productReference = FA5D525C1D9E094F007DF983 /* FoodieTests.xctest */;
			productType = "com.apple.product-type.bundle.unit-test";
		};
		FA5D52661D9E094F007DF983 /* FoodieUITests */ = {
			isa = PBXNativeTarget;
			buildConfigurationList = FA5D52761D9E094F007DF983 /* Build configuration list for PBXNativeTarget "FoodieUITests" */;
			buildPhases = (
				FA5D52631D9E094F007DF983 /* Sources */,
				FA5D52641D9E094F007DF983 /* Frameworks */,
				FA5D52651D9E094F007DF983 /* Resources */,
			);
			buildRules = (
			);
			dependencies = (
				FA5D52691D9E094F007DF983 /* PBXTargetDependency */,
			);
			name = FoodieUITests;
			productName = FoodieUITests;
			productReference = FA5D52671D9E094F007DF983 /* FoodieUITests.xctest */;
			productType = "com.apple.product-type.bundle.ui-testing";
		};
/* End PBXNativeTarget section */

/* Begin PBXProject section */
		FA5D52401D9E094E007DF983 /* Project object */ = {
			isa = PBXProject;
			attributes = {
				LastSwiftUpdateCheck = 0800;
				LastUpgradeCheck = 0800;
				ORGANIZATIONNAME = Alton;
				TargetAttributes = {
					FA5D52471D9E094E007DF983 = {
						CreatedOnToolsVersion = 8.0;
						DevelopmentTeam = BYL7RU9R7T;
						LastSwiftMigration = 0800;
						ProvisioningStyle = Automatic;
					};
					FA5D525B1D9E094F007DF983 = {
						CreatedOnToolsVersion = 8.0;
						DevelopmentTeam = BYL7RU9R7T;
						LastSwiftMigration = 0800;
						ProvisioningStyle = Automatic;
						TestTargetID = FA5D52471D9E094E007DF983;
					};
					FA5D52661D9E094F007DF983 = {
						CreatedOnToolsVersion = 8.0;
						DevelopmentTeam = BYL7RU9R7T;
						LastSwiftMigration = 0800;
						ProvisioningStyle = Automatic;
						TestTargetID = FA5D52471D9E094E007DF983;
					};
				};
			};
			buildConfigurationList = FA5D52431D9E094E007DF983 /* Build configuration list for PBXProject "Foodie" */;
			compatibilityVersion = "Xcode 3.2";
			developmentRegion = English;
			hasScannedForEncodings = 0;
			knownRegions = (
				en,
				Base,
			);
			mainGroup = FA5D523F1D9E094E007DF983;
			productRefGroup = FA5D52491D9E094E007DF983 /* Products */;
			projectDirPath = "";
			projectRoot = "";
			targets = (
				FA5D52471D9E094E007DF983 /* Foodie */,
				FA5D525B1D9E094F007DF983 /* FoodieTests */,
				FA5D52661D9E094F007DF983 /* FoodieUITests */,
			);
		};
/* End PBXProject section */

/* Begin PBXResourcesBuildPhase section */
		FA5D52461D9E094E007DF983 /* Resources */ = {
			isa = PBXResourcesBuildPhase;
			buildActionMask = 2147483647;
			files = (
				FA5D52A21D9E0C0A007DF983 /* LaunchScreen.storyboard in Resources */,
				FA5D52A11D9E0C0A007DF983 /* Assets.xcassets in Resources */,
				FA5D52A31D9E0C0A007DF983 /* Main.storyboard in Resources */,
				FA4A22FA1DA5F0380007B9DF /* GoogleMaps.bundle in Resources */,
			);
			runOnlyForDeploymentPostprocessing = 0;
		};
		FA5D525A1D9E094F007DF983 /* Resources */ = {
			isa = PBXResourcesBuildPhase;
			buildActionMask = 2147483647;
			files = (
				FA83A7391DA5F85D00253DD7 /* GoogleMaps.bundle in Resources */,
			);
			runOnlyForDeploymentPostprocessing = 0;
		};
		FA5D52651D9E094F007DF983 /* Resources */ = {
			isa = PBXResourcesBuildPhase;
			buildActionMask = 2147483647;
			files = (
				FA83A73A1DA5F85D00253DD7 /* GoogleMaps.bundle in Resources */,
			);
			runOnlyForDeploymentPostprocessing = 0;
		};
/* End PBXResourcesBuildPhase section */

/* Begin PBXShellScriptBuildPhase section */
		FA5D52851D9E0AA7007DF983 /* Copy Carthage Frameworks */ = {
			isa = PBXShellScriptBuildPhase;
			buildActionMask = 2147483647;
			files = (
			);
			inputPaths = (
				"$(SRCROOT)/Carthage/Build/iOS/Realm.framework",
				"$(SRCROOT)/Carthage/Build/iOS/RealmSwift.framework",
				"$(SRCROOT)/Carthage/Build/iOS/SVProgressHUD.framework",
				"$(SRCROOT)/Carthage/Build/iOS/SwiftyBeaver.framework",
				"$(SRCROOT)/Carthage/Build/iOS/Swinject.framework",
			);
			name = "Copy Carthage Frameworks";
			outputPaths = (
			);
			runOnlyForDeploymentPostprocessing = 0;
			shellPath = /bin/sh;
			shellScript = "/usr/local/bin/carthage copy-frameworks";
		};
/* End PBXShellScriptBuildPhase section */

/* Begin PBXSourcesBuildPhase section */
		FA5D52441D9E094E007DF983 /* Sources */ = {
			isa = PBXSourcesBuildPhase;
			buildActionMask = 2147483647;
			files = (
				FA4A22D41DA1A7DF0007B9DF /* SettingsService.swift in Sources */,
				FA83A76A1DA85A8C00253DD7 /* InsertFoodieController.swift in Sources */,
				FA4A22FC1DA5F06D0007B9DF /* UIImageView+Animation.swift in Sources */,
				FA5D52A71D9E0F11007DF983 /* UIColor+Theme.swift in Sources */,
				FA4A230B1DA5F1110007B9DF /* RoundedButton.swift in Sources */,
				FA4A22CF1DA1A7DF0007B9DF /* AllServices.swift in Sources */,
				FA83A75E1DA5FA9700253DD7 /* RestaurantTableViewCell.swift in Sources */,
				FA83A7681DA85A8C00253DD7 /* FoodieController.swift in Sources */,
				FA4A23081DA5F1110007B9DF /* ModalCardSegue.swift in Sources */,
				FA4A22D01DA1A7DF0007B9DF /* CuisineService.swift in Sources */,
				FA5D529F1D9E0C0A007DF983 /* AppDelegate.swift in Sources */,
				FA4A22DC1DA343710007B9DF /* Utils.swift in Sources */,
				FA83A76C1DA85A8C00253DD7 /* MainController.swift in Sources */,
				FA4A22D21DA1A7DF0007B9DF /* RestaurantService.swift in Sources */,
				FA4A22D81DA1A8020007B9DF /* Cuisine.swift in Sources */,
				FA83A7691DA85A8C00253DD7 /* InsertCuisineController.swift in Sources */,
				FA4A22D31DA1A7DF0007B9DF /* SearchService.swift in Sources */,
				FA4A22DA1DA1A8020007B9DF /* Restaurant.swift in Sources */,
				FA4A22D11DA1A7DF0007B9DF /* LocationService.swift in Sources */,
				FA4A23051DA5F1110007B9DF /* CircularImageButton.swift in Sources */,
				FA5D52A51D9E0D60007DF983 /* Constants.swift in Sources */,
				FA4A23071DA5F1110007B9DF /* FoodieButton.swift in Sources */,
				FA83A76B1DA85A8C00253DD7 /* InsertLocationController.swift in Sources */,
				FA83A75B1DA5FA9700253DD7 /* CuisineSettingTableViewCell.swift in Sources */,
				FA4A23091DA5F1110007B9DF /* ModalCardView.swift in Sources */,
				FA83A7701DA85C7600253DD7 /* KeyboardHandler.swift in Sources */,
				FA4A230A1DA5F1110007B9DF /* ProcessingButton.swift in Sources */,
				FA83A7671DA85A8C00253DD7 /* AllFoodiesController.swift in Sources */,
				FA83A76E1DA85A8C00253DD7 /* SettingsController.swift in Sources */,
				FA83A75C1DA5FA9700253DD7 /* FoodiePageView.swift in Sources */,
				FA4A230C1DA5F1110007B9DF /* RoundedView.swift in Sources */,
				FA83A75D1DA5FA9700253DD7 /* HoursView.swift in Sources */,
				FA83A76D1DA85A8C00253DD7 /* ModalCardViewController.swift in Sources */,
				FA4A22D91DA1A8020007B9DF /* Hours.swift in Sources */,
			);
			runOnlyForDeploymentPostprocessing = 0;
		};
		FA5D52581D9E094F007DF983 /* Sources */ = {
			isa = PBXSourcesBuildPhase;
			buildActionMask = 2147483647;
			files = (
				FA4A22E01DA348780007B9DF /* SearchTests.swift in Sources */,
				FA4A22DE1DA347680007B9DF /* RestaurantTests.swift in Sources */,
				FA5D52611D9E094F007DF983 /* CuisineTests.swift in Sources */,
			);
			runOnlyForDeploymentPostprocessing = 0;
		};
		FA5D52631D9E094F007DF983 /* Sources */ = {
			isa = PBXSourcesBuildPhase;
			buildActionMask = 2147483647;
			files = (
				FA5D526C1D9E094F007DF983 /* FoodieUITests.swift in Sources */,
			);
			runOnlyForDeploymentPostprocessing = 0;
		};
/* End PBXSourcesBuildPhase section */

/* Begin PBXTargetDependency section */
		FA5D525E1D9E094F007DF983 /* PBXTargetDependency */ = {
			isa = PBXTargetDependency;
			target = FA5D52471D9E094E007DF983 /* Foodie */;
			targetProxy = FA5D525D1D9E094F007DF983 /* PBXContainerItemProxy */;
		};
		FA5D52691D9E094F007DF983 /* PBXTargetDependency */ = {
			isa = PBXTargetDependency;
			target = FA5D52471D9E094E007DF983 /* Foodie */;
			targetProxy = FA5D52681D9E094F007DF983 /* PBXContainerItemProxy */;
		};
/* End PBXTargetDependency section */

/* Begin PBXVariantGroup section */
		FA5D52991D9E0C0A007DF983 /* LaunchScreen.storyboard */ = {
			isa = PBXVariantGroup;
			children = (
				FA5D529A1D9E0C0A007DF983 /* Base */,
			);
			name = LaunchScreen.storyboard;
			sourceTree = "<group>";
		};
		FA5D529B1D9E0C0A007DF983 /* Main.storyboard */ = {
			isa = PBXVariantGroup;
			children = (
				FA5D529C1D9E0C0A007DF983 /* Base */,
			);
			name = Main.storyboard;
			sourceTree = "<group>";
		};
/* End PBXVariantGroup section */

/* Begin XCBuildConfiguration section */
		FA5D526E1D9E094F007DF983 /* Debug */ = {
			isa = XCBuildConfiguration;
			buildSettings = {
				ALWAYS_SEARCH_USER_PATHS = NO;
				CLANG_ANALYZER_NONNULL = YES;
				CLANG_CXX_LANGUAGE_STANDARD = "gnu++0x";
				CLANG_CXX_LIBRARY = "libc++";
				CLANG_ENABLE_MODULES = YES;
				CLANG_ENABLE_OBJC_ARC = YES;
				CLANG_WARN_BOOL_CONVERSION = YES;
				CLANG_WARN_CONSTANT_CONVERSION = YES;
				CLANG_WARN_DIRECT_OBJC_ISA_USAGE = YES_ERROR;
				CLANG_WARN_DOCUMENTATION_COMMENTS = YES;
				CLANG_WARN_EMPTY_BODY = YES;
				CLANG_WARN_ENUM_CONVERSION = YES;
				CLANG_WARN_INFINITE_RECURSION = YES;
				CLANG_WARN_INT_CONVERSION = YES;
				CLANG_WARN_OBJC_ROOT_CLASS = YES_ERROR;
				CLANG_WARN_SUSPICIOUS_MOVES = YES;
				CLANG_WARN_UNREACHABLE_CODE = YES;
				CLANG_WARN__DUPLICATE_METHOD_MATCH = YES;
				"CODE_SIGN_IDENTITY[sdk=iphoneos*]" = "iPhone Developer";
				COPY_PHASE_STRIP = NO;
				DEBUG_INFORMATION_FORMAT = dwarf;
				ENABLE_STRICT_OBJC_MSGSEND = YES;
				ENABLE_TESTABILITY = YES;
				FRAMEWORK_SEARCH_PATHS = "$(PROJECT_DIR)/Carthage/Build/iOS";
				GCC_C_LANGUAGE_STANDARD = gnu99;
				GCC_DYNAMIC_NO_PIC = NO;
				GCC_NO_COMMON_BLOCKS = YES;
				GCC_OPTIMIZATION_LEVEL = 0;
				GCC_PREPROCESSOR_DEFINITIONS = (
					"DEBUG=1",
					"$(inherited)",
				);
				GCC_WARN_64_TO_32_BIT_CONVERSION = YES;
				GCC_WARN_ABOUT_RETURN_TYPE = YES_ERROR;
				GCC_WARN_UNDECLARED_SELECTOR = YES;
				GCC_WARN_UNINITIALIZED_AUTOS = YES_AGGRESSIVE;
				GCC_WARN_UNUSED_FUNCTION = YES;
				GCC_WARN_UNUSED_VARIABLE = YES;
				IPHONEOS_DEPLOYMENT_TARGET = 10.0;
				MTL_ENABLE_DEBUG_INFO = YES;
				ONLY_ACTIVE_ARCH = YES;
				OTHER_LDFLAGS = "-ObjC";
				SDKROOT = iphoneos;
				SWIFT_ACTIVE_COMPILATION_CONDITIONS = DEBUG;
				SWIFT_OPTIMIZATION_LEVEL = "-Onone";
				TARGETED_DEVICE_FAMILY = "1,2";
			};
			name = Debug;
		};
		FA5D526F1D9E094F007DF983 /* Release */ = {
			isa = XCBuildConfiguration;
			buildSettings = {
				ALWAYS_SEARCH_USER_PATHS = NO;
				CLANG_ANALYZER_NONNULL = YES;
				CLANG_CXX_LANGUAGE_STANDARD = "gnu++0x";
				CLANG_CXX_LIBRARY = "libc++";
				CLANG_ENABLE_MODULES = YES;
				CLANG_ENABLE_OBJC_ARC = YES;
				CLANG_WARN_BOOL_CONVERSION = YES;
				CLANG_WARN_CONSTANT_CONVERSION = YES;
				CLANG_WARN_DIRECT_OBJC_ISA_USAGE = YES_ERROR;
				CLANG_WARN_DOCUMENTATION_COMMENTS = YES;
				CLANG_WARN_EMPTY_BODY = YES;
				CLANG_WARN_ENUM_CONVERSION = YES;
				CLANG_WARN_INFINITE_RECURSION = YES;
				CLANG_WARN_INT_CONVERSION = YES;
				CLANG_WARN_OBJC_ROOT_CLASS = YES_ERROR;
				CLANG_WARN_SUSPICIOUS_MOVES = YES;
				CLANG_WARN_UNREACHABLE_CODE = YES;
				CLANG_WARN__DUPLICATE_METHOD_MATCH = YES;
				"CODE_SIGN_IDENTITY[sdk=iphoneos*]" = "iPhone Developer";
				COPY_PHASE_STRIP = NO;
				DEBUG_INFORMATION_FORMAT = "dwarf-with-dsym";
				ENABLE_NS_ASSERTIONS = NO;
				ENABLE_STRICT_OBJC_MSGSEND = YES;
				FRAMEWORK_SEARCH_PATHS = "$(PROJECT_DIR)/Carthage/Build/iOS";
				GCC_C_LANGUAGE_STANDARD = gnu99;
				GCC_NO_COMMON_BLOCKS = YES;
				GCC_WARN_64_TO_32_BIT_CONVERSION = YES;
				GCC_WARN_ABOUT_RETURN_TYPE = YES_ERROR;
				GCC_WARN_UNDECLARED_SELECTOR = YES;
				GCC_WARN_UNINITIALIZED_AUTOS = YES_AGGRESSIVE;
				GCC_WARN_UNUSED_FUNCTION = YES;
				GCC_WARN_UNUSED_VARIABLE = YES;
				IPHONEOS_DEPLOYMENT_TARGET = 10.0;
				MTL_ENABLE_DEBUG_INFO = NO;
				OTHER_LDFLAGS = "-ObjC";
				SDKROOT = iphoneos;
				SWIFT_OPTIMIZATION_LEVEL = "-Owholemodule";
				TARGETED_DEVICE_FAMILY = "1,2";
				VALIDATE_PRODUCT = YES;
			};
			name = Release;
		};
		FA5D52711D9E094F007DF983 /* Debug */ = {
			isa = XCBuildConfiguration;
			buildSettings = {
				ASSETCATALOG_COMPILER_APPICON_NAME = AppIcon;
				DEVELOPMENT_TEAM = BYL7RU9R7T;
				FRAMEWORK_SEARCH_PATHS = (
					"$(inherited)",
					"$(PROJECT_DIR)/GoogleFrameworks",
					"$(PROJECT_DIR)/GoogleFrameworks/GoogleMaps.framework/Versions/A/Resources/GoogleMaps.bundle",
				);
				INFOPLIST_FILE = "$(SRCROOT)/Foodie/Misc/Info.plist";
				LD_RUNPATH_SEARCH_PATHS = "$(inherited) @executable_path/Frameworks";
				PRODUCT_BUNDLE_IDENTIFIER = com.altonlau.Foodie;
				PRODUCT_NAME = "$(TARGET_NAME)";
				SWIFT_VERSION = 3.0;
			};
			name = Debug;
		};
		FA5D52721D9E094F007DF983 /* Release */ = {
			isa = XCBuildConfiguration;
			buildSettings = {
				ASSETCATALOG_COMPILER_APPICON_NAME = AppIcon;
				DEVELOPMENT_TEAM = BYL7RU9R7T;
				FRAMEWORK_SEARCH_PATHS = (
					"$(inherited)",
					"$(PROJECT_DIR)/GoogleFrameworks",
					"$(PROJECT_DIR)/GoogleFrameworks/GoogleMaps.framework/Versions/A/Resources/GoogleMaps.bundle",
				);
				INFOPLIST_FILE = "$(SRCROOT)/Foodie/Misc/Info.plist";
				LD_RUNPATH_SEARCH_PATHS = "$(inherited) @executable_path/Frameworks";
				PRODUCT_BUNDLE_IDENTIFIER = com.altonlau.Foodie;
				PRODUCT_NAME = "$(TARGET_NAME)";
				SWIFT_VERSION = 3.0;
			};
			name = Release;
		};
		FA5D52741D9E094F007DF983 /* Debug */ = {
			isa = XCBuildConfiguration;
			buildSettings = {
				ALWAYS_EMBED_SWIFT_STANDARD_LIBRARIES = YES;
				BUNDLE_LOADER = "$(TEST_HOST)";
				DEVELOPMENT_TEAM = BYL7RU9R7T;
				FRAMEWORK_SEARCH_PATHS = (
					"$(inherited)",
					"$(PROJECT_DIR)/GoogleFrameworks",
				);
				INFOPLIST_FILE = FoodieTests/Info.plist;
				LD_RUNPATH_SEARCH_PATHS = "$(inherited) @executable_path/Frameworks @loader_path/Frameworks";
				PRODUCT_BUNDLE_IDENTIFIER = com.altonlau.FoodieTests;
				PRODUCT_NAME = "$(TARGET_NAME)";
				SWIFT_VERSION = 3.0;
				TEST_HOST = "$(BUILT_PRODUCTS_DIR)/Foodie.app/Foodie";
			};
			name = Debug;
		};
		FA5D52751D9E094F007DF983 /* Release */ = {
			isa = XCBuildConfiguration;
			buildSettings = {
				ALWAYS_EMBED_SWIFT_STANDARD_LIBRARIES = YES;
				BUNDLE_LOADER = "$(TEST_HOST)";
				DEVELOPMENT_TEAM = BYL7RU9R7T;
				FRAMEWORK_SEARCH_PATHS = (
					"$(inherited)",
					"$(PROJECT_DIR)/GoogleFrameworks",
				);
				INFOPLIST_FILE = FoodieTests/Info.plist;
				LD_RUNPATH_SEARCH_PATHS = "$(inherited) @executable_path/Frameworks @loader_path/Frameworks";
				PRODUCT_BUNDLE_IDENTIFIER = com.altonlau.FoodieTests;
				PRODUCT_NAME = "$(TARGET_NAME)";
				SWIFT_VERSION = 3.0;
				TEST_HOST = "$(BUILT_PRODUCTS_DIR)/Foodie.app/Foodie";
			};
			name = Release;
		};
		FA5D52771D9E094F007DF983 /* Debug */ = {
			isa = XCBuildConfiguration;
			buildSettings = {
				ALWAYS_EMBED_SWIFT_STANDARD_LIBRARIES = YES;
				DEVELOPMENT_TEAM = BYL7RU9R7T;
				FRAMEWORK_SEARCH_PATHS = (
					"$(inherited)",
					"$(PROJECT_DIR)/GoogleFrameworks",
				);
				INFOPLIST_FILE = FoodieUITests/Info.plist;
				LD_RUNPATH_SEARCH_PATHS = "$(inherited) @executable_path/Frameworks @loader_path/Frameworks";
				PRODUCT_BUNDLE_IDENTIFIER = com.altonlau.FoodieUITests;
				PRODUCT_NAME = "$(TARGET_NAME)";
				SWIFT_VERSION = 3.0;
				TEST_TARGET_NAME = Foodie;
			};
			name = Debug;
		};
		FA5D52781D9E094F007DF983 /* Release */ = {
			isa = XCBuildConfiguration;
			buildSettings = {
				ALWAYS_EMBED_SWIFT_STANDARD_LIBRARIES = YES;
				DEVELOPMENT_TEAM = BYL7RU9R7T;
				FRAMEWORK_SEARCH_PATHS = (
					"$(inherited)",
					"$(PROJECT_DIR)/GoogleFrameworks",
				);
				INFOPLIST_FILE = FoodieUITests/Info.plist;
				LD_RUNPATH_SEARCH_PATHS = "$(inherited) @executable_path/Frameworks @loader_path/Frameworks";
				PRODUCT_BUNDLE_IDENTIFIER = com.altonlau.FoodieUITests;
				PRODUCT_NAME = "$(TARGET_NAME)";
				SWIFT_VERSION = 3.0;
				TEST_TARGET_NAME = Foodie;
			};
			name = Release;
		};
/* End XCBuildConfiguration section */

/* Begin XCConfigurationList section */
		FA5D52431D9E094E007DF983 /* Build configuration list for PBXProject "Foodie" */ = {
			isa = XCConfigurationList;
			buildConfigurations = (
				FA5D526E1D9E094F007DF983 /* Debug */,
				FA5D526F1D9E094F007DF983 /* Release */,
			);
			defaultConfigurationIsVisible = 0;
			defaultConfigurationName = Release;
		};
		FA5D52701D9E094F007DF983 /* Build configuration list for PBXNativeTarget "Foodie" */ = {
			isa = XCConfigurationList;
			buildConfigurations = (
				FA5D52711D9E094F007DF983 /* Debug */,
				FA5D52721D9E094F007DF983 /* Release */,
			);
			defaultConfigurationIsVisible = 0;
			defaultConfigurationName = Release;
		};
		FA5D52731D9E094F007DF983 /* Build configuration list for PBXNativeTarget "FoodieTests" */ = {
			isa = XCConfigurationList;
			buildConfigurations = (
				FA5D52741D9E094F007DF983 /* Debug */,
				FA5D52751D9E094F007DF983 /* Release */,
			);
			defaultConfigurationIsVisible = 0;
			defaultConfigurationName = Release;
		};
		FA5D52761D9E094F007DF983 /* Build configuration list for PBXNativeTarget "FoodieUITests" */ = {
			isa = XCConfigurationList;
			buildConfigurations = (
				FA5D52771D9E094F007DF983 /* Debug */,
				FA5D52781D9E094F007DF983 /* Release */,
			);
			defaultConfigurationIsVisible = 0;
			defaultConfigurationName = Release;
		};
/* End XCConfigurationList section */
	};
	rootObject = FA5D52401D9E094E007DF983 /* Project object */;
}
